
Microsoft Visual Studio Solution File, Format Version 12.00
# Visual Studio Version 16
VisualStudioVersion = 16.0.31515.178
MinimumVisualStudioVersion = 10.0.40219.1
Project("{FAE04EC0-301F-11D3-BF4B-00C04F79EFBC}") = "MyShop", "MyShop\MyShop.csproj", "{BFAD10A3-8E38-4E2E-9EF6-E9B4E0274DF3}"
EndProject
Project("{FAE04EC0-301F-11D3-BF4B-00C04F79EFBC}") = "MyShop.Features", "MyShop.Features\MyShop.Features.csproj", "{CD4709C0-C799-4742-899D-1C0A24B32F12}"
EndProject
Project("{FAE04EC0-301F-11D3-BF4B-00C04F79EFBC}") = "MyShop.Commerce", "MyShop.Commerce\MyShop.Commerce.csproj", "{A991783F-386F-488A-89F8-3C69573A1D37}"
EndProject
Global
	GlobalSection(SolutionConfigurationPlatforms) = preSolution
		Debug|Any CPU = Debug|Any CPU
		Release|Any CPU = Release|Any CPU
	EndGlobalSection
	GlobalSection(ProjectConfigurationPlatforms) = postSolution
		{BFAD10A3-8E38-4E2E-9EF6-E9B4E0274DF3}.Debug|Any CPU.ActiveCfg = Debug|Any CPU
		{BFAD10A3-8E38-4E2E-9EF6-E9B4E0274DF3}.Debug|Any CPU.Build.0 = Debug|Any CPU
		{BFAD10A3-8E38-4E2E-9EF6-E9B4E0274DF3}.Release|Any CPU.ActiveCfg = Release|Any CPU
		{BFAD10A3-8E38-4E2E-9EF6-E9B4E0274DF3}.Release|Any CPU.Build.0 = Release|Any CPU
		{CD4709C0-C799-4742-899D-1C0A24B32F12}.Debug|Any CPU.ActiveCfg = Debug|Any CPU
		{CD4709C0-C799-4742-899D-1C0A24B32F12}.Debug|Any CPU.Build.0 = Debug|Any CPU
		{CD4709C0-C799-4742-899D-1C0A24B32F12}.Release|Any CPU.ActiveCfg = Release|Any CPU
		{CD4709C0-C799-4742-899D-1C0A24B32F12}.Release|Any CPU.Build.0 = Release|Any CPU
		{A991783F-386F-488A-89F8-3C69573A1D37}.Debug|Any CPU.ActiveCfg = Debug|Any CPU
		{A991783F-386F-488A-89F8-3C69573A1D37}.Debug|Any CPU.Build.0 = Debug|Any CPU
		{A991783F-386F-488A-89F8-3C69573A1D37}.Release|Any CPU.ActiveCfg = Release|Any CPU
		{A991783F-386F-488A-89F8-3C69573A1D37}.Release|Any CPU.Build.0 = Release|Any CPU
	EndGlobalSection
	GlobalSection(SolutionProperties) = preSolution
		HideSolutionNode = FALSE
	EndGlobalSection
	GlobalSection(ExtensibilityGlobals) = postSolution
		SolutionGuid = {09990150-C3BA-47D3-98CE-E9BF33FA6EC8}
	EndGlobalSection
EndGlobal
